
Microsoft Visual Studio Solution File, Format Version 12.00
# Visual Studio Version 17
VisualStudioVersion = 17.13.35806.99 d17.13
MinimumVisualStudioVersion = 10.0.40219.1
Project("{FAE04EC0-301F-11D3-BF4B-00C04F79EFBC}") = "TestOnlienStore.Domain", "TestOnlienStore.Domain\TestOnlienStore.Domain.csproj", "{8BB72C7E-6511-453D-9CD0-81FAA5B9CD8C}"
EndProject
Project("{FAE04EC0-301F-11D3-BF4B-00C04F79EFBC}") = "TestOnlineStore.Persistence", "TestOnlineStore.Persistence\TestOnlineStore.Persistence.csproj", "{8EF5D3C8-A4CD-4FC5-A98A-DBA4425BD5B7}"
EndProject
Project("{FAE04EC0-301F-11D3-BF4B-00C04F79EFBC}") = "TestOnlineStore.WebApi", "TestOnlineStore.WebApi\TestOnlineStore.WebApi.csproj", "{AE490BCE-D338-451C-8F62-65E53679E4CB}"
EndProject
Global
	GlobalSection(SolutionConfigurationPlatforms) = preSolution
		Debug|Any CPU = Debug|Any CPU
		Release|Any CPU = Release|Any CPU
	EndGlobalSection
	GlobalSection(ProjectConfigurationPlatforms) = postSolution
		{8BB72C7E-6511-453D-9CD0-81FAA5B9CD8C}.Debug|Any CPU.ActiveCfg = Debug|Any CPU
		{8BB72C7E-6511-453D-9CD0-81FAA5B9CD8C}.Debug|Any CPU.Build.0 = Debug|Any CPU
		{8BB72C7E-6511-453D-9CD0-81FAA5B9CD8C}.Release|Any CPU.ActiveCfg = Release|Any CPU
		{8BB72C7E-6511-453D-9CD0-81FAA5B9CD8C}.Release|Any CPU.Build.0 = Release|Any CPU
		{8EF5D3C8-A4CD-4FC5-A98A-DBA4425BD5B7}.Debug|Any CPU.ActiveCfg = Debug|Any CPU
		{8EF5D3C8-A4CD-4FC5-A98A-DBA4425BD5B7}.Debug|Any CPU.Build.0 = Debug|Any CPU
		{8EF5D3C8-A4CD-4FC5-A98A-DBA4425BD5B7}.Release|Any CPU.ActiveCfg = Release|Any CPU
		{8EF5D3C8-A4CD-4FC5-A98A-DBA4425BD5B7}.Release|Any CPU.Build.0 = Release|Any CPU
		{AE490BCE-D338-451C-8F62-65E53679E4CB}.Debug|Any CPU.ActiveCfg = Debug|Any CPU
		{AE490BCE-D338-451C-8F62-65E53679E4CB}.Debug|Any CPU.Build.0 = Debug|Any CPU
		{AE490BCE-D338-451C-8F62-65E53679E4CB}.Release|Any CPU.ActiveCfg = Release|Any CPU
		{AE490BCE-D338-451C-8F62-65E53679E4CB}.Release|Any CPU.Build.0 = Release|Any CPU
	EndGlobalSection
	GlobalSection(SolutionProperties) = preSolution
		HideSolutionNode = FALSE
	EndGlobalSection
	GlobalSection(ExtensibilityGlobals) = postSolution
		SolutionGuid = {7D48AEB4-7503-42BC-919C-35D0464A50A8}
	EndGlobalSection
EndGlobal
